// !$*UTF8*$!
{
	archiveVersion = 1;
	classes = {
	};
	objectVersion = 50;
	objects = {

/* Begin PBXBuildFile section */
		D23E016C5B62FBCAE01DF142 /* Pods_SetPR.framework in Frameworks */ = {isa = PBXBuildFile; fileRef = 9F34279A1ADD92A9116603FE /* Pods_SetPR.framework */; };
		D903C721219271230034C273 /* AppDelegate.swift in Sources */ = {isa = PBXBuildFile; fileRef = D903C720219271230034C273 /* AppDelegate.swift */; };
		D903C723219271230034C273 /* ExerciseBankVC.swift in Sources */ = {isa = PBXBuildFile; fileRef = D903C722219271230034C273 /* ExerciseBankVC.swift */; };
		D903C726219271230034C273 /* Main.storyboard in Resources */ = {isa = PBXBuildFile; fileRef = D903C724219271230034C273 /* Main.storyboard */; };
		D903C728219271230034C273 /* Assets.xcassets in Resources */ = {isa = PBXBuildFile; fileRef = D903C727219271230034C273 /* Assets.xcassets */; };
		D903C72B219271230034C273 /* LaunchScreen.storyboard in Resources */ = {isa = PBXBuildFile; fileRef = D903C729219271230034C273 /* LaunchScreen.storyboard */; };
		D92185BB219DF0ED00FE1F53 /* SetsHeaderView.xib in Resources */ = {isa = PBXBuildFile; fileRef = D92185BA219DF0ED00FE1F53 /* SetsHeaderView.xib */; };
		D92185BD219DF21A00FE1F53 /* SetsHeaderView.swift in Sources */ = {isa = PBXBuildFile; fileRef = D92185BC219DF21A00FE1F53 /* SetsHeaderView.swift */; };
		D92185C0219DF2E700FE1F53 /* SetsPlanningCell.swift in Sources */ = {isa = PBXBuildFile; fileRef = D92185BE219DF2E700FE1F53 /* SetsPlanningCell.swift */; };
		D92185C1219DF2E700FE1F53 /* SetsPlanningCell.xib in Resources */ = {isa = PBXBuildFile; fileRef = D92185BF219DF2E700FE1F53 /* SetsPlanningCell.xib */; };
		D92185C3219ED72A00FE1F53 /* SetsVC.swift in Sources */ = {isa = PBXBuildFile; fileRef = D92185C2219ED72A00FE1F53 /* SetsVC.swift */; };
		D92185C5219F4BEB00FE1F53 /* CustomTextField.swift in Sources */ = {isa = PBXBuildFile; fileRef = D92185C4219F4BEB00FE1F53 /* CustomTextField.swift */; };
		D92185C7219F560F00FE1F53 /* VCExtensions.swift in Sources */ = {isa = PBXBuildFile; fileRef = D92185C6219F560F00FE1F53 /* VCExtensions.swift */; };
		D9274301219A31E0005B2181 /* ProgramOverviewVC.swift in Sources */ = {isa = PBXBuildFile; fileRef = D9274300219A31E0005B2181 /* ProgramOverviewVC.swift */; };
		D9274303219A33BA005B2181 /* User.swift in Sources */ = {isa = PBXBuildFile; fileRef = D9274302219A33BA005B2181 /* User.swift */; };
		D9274305219A3737005B2181 /* Meal.swift in Sources */ = {isa = PBXBuildFile; fileRef = D9274304219A3737005B2181 /* Meal.swift */; };
		D9274307219A3843005B2181 /* Food.swift in Sources */ = {isa = PBXBuildFile; fileRef = D9274306219A3843005B2181 /* Food.swift */; };
		D9274309219A399D005B2181 /* SleepPlan.swift in Sources */ = {isa = PBXBuildFile; fileRef = D9274308219A399D005B2181 /* SleepPlan.swift */; };
		D927430C219A3CE3005B2181 /* ProgramOverviewCell.swift in Sources */ = {isa = PBXBuildFile; fileRef = D927430A219A3CE3005B2181 /* ProgramOverviewCell.swift */; };
		D927430D219A3CE3005B2181 /* ProgramOverviewCell.xib in Resources */ = {isa = PBXBuildFile; fileRef = D927430B219A3CE3005B2181 /* ProgramOverviewCell.xib */; };
		D927430F219B57EC005B2181 /* ProgramDay.swift in Sources */ = {isa = PBXBuildFile; fileRef = D927430E219B57EC005B2181 /* ProgramDay.swift */; };
		D9274311219BA9E6005B2181 /* CustomCellButton.swift in Sources */ = {isa = PBXBuildFile; fileRef = D9274310219BA9E6005B2181 /* CustomCellButton.swift */; };
		D93B88FE219CC23B00B16DD8 /* ExerciseSlot.swift in Sources */ = {isa = PBXBuildFile; fileRef = D93B88FD219CC23B00B16DD8 /* ExerciseSlot.swift */; };
		D93D685D219273EB00BF9BE5 /* Exercise.swift in Sources */ = {isa = PBXBuildFile; fileRef = D93D685C219273EB00BF9BE5 /* Exercise.swift */; };
		D93D685F219275A200BF9BE5 /* ExerciseSet.swift in Sources */ = {isa = PBXBuildFile; fileRef = D93D685E219275A200BF9BE5 /* ExerciseSet.swift */; };
		D93D6863219278F100BF9BE5 /* Workout.swift in Sources */ = {isa = PBXBuildFile; fileRef = D93D6862219278F100BF9BE5 /* Workout.swift */; };
		D93D6865219278FD00BF9BE5 /* Program.swift in Sources */ = {isa = PBXBuildFile; fileRef = D93D6864219278FD00BF9BE5 /* Program.swift */; };
		D93D686721927C9F00BF9BE5 /* CardioSet.swift in Sources */ = {isa = PBXBuildFile; fileRef = D93D686621927C9F00BF9BE5 /* CardioSet.swift */; };
		D982697821A2EB4E000DCC32 /* ActiveSetsCell.swift in Sources */ = {isa = PBXBuildFile; fileRef = D982697621A2EB4E000DCC32 /* ActiveSetsCell.swift */; };
		D982697921A2EB4E000DCC32 /* ActiveSetsCell.xib in Resources */ = {isa = PBXBuildFile; fileRef = D982697721A2EB4E000DCC32 /* ActiveSetsCell.xib */; };
		D9B108D62197040700AEDC23 /* SelectedProgramVC.swift in Sources */ = {isa = PBXBuildFile; fileRef = D9B108D52197040700AEDC23 /* SelectedProgramVC.swift */; };
		D9BEC81121A2E0F100ABD8B9 /* ActiveSetsVC.swift in Sources */ = {isa = PBXBuildFile; fileRef = D9BEC81021A2E0F100ABD8B9 /* ActiveSetsVC.swift */; };
		D9C16F4E2196448300E2ED0D /* WorkoutVC.swift in Sources */ = {isa = PBXBuildFile; fileRef = D9C16F4D2196448300E2ED0D /* WorkoutVC.swift */; };
		D9C16F5521966CE500E2ED0D /* WorkoutExerciseCell.swift in Sources */ = {isa = PBXBuildFile; fileRef = D9C16F5321966CE500E2ED0D /* WorkoutExerciseCell.swift */; };
		D9C16F5621966CE500E2ED0D /* WorkoutExerciseCell.xib in Resources */ = {isa = PBXBuildFile; fileRef = D9C16F5421966CE500E2ED0D /* WorkoutExerciseCell.xib */; };
		D9C16F592196FEC300E2ED0D /* ProgramCell.swift in Sources */ = {isa = PBXBuildFile; fileRef = D9C16F572196FEC300E2ED0D /* ProgramCell.swift */; };
		D9C16F5A2196FEC300E2ED0D /* ProgramCell.xib in Resources */ = {isa = PBXBuildFile; fileRef = D9C16F582196FEC300E2ED0D /* ProgramCell.xib */; };
		D9C5CF7D219FA962007EDFF6 /* AddItemFooterView.swift in Sources */ = {isa = PBXBuildFile; fileRef = D9C5CF7C219FA962007EDFF6 /* AddItemFooterView.swift */; };
		D9C5CF7F219FAC7B007EDFF6 /* AddItemFooterView.xib in Resources */ = {isa = PBXBuildFile; fileRef = D9C5CF7E219FAC7B007EDFF6 /* AddItemFooterView.xib */; };
		D9FB31E1219370AD00ADAC82 /* ExerciseCell.swift in Sources */ = {isa = PBXBuildFile; fileRef = D9FB31DF219370AD00ADAC82 /* ExerciseCell.swift */; };
		D9FB31E2219370AD00ADAC82 /* ExerciseCell.xib in Resources */ = {isa = PBXBuildFile; fileRef = D9FB31E0219370AD00ADAC82 /* ExerciseCell.xib */; };
		D9FB31E52193737300ADAC82 /* AddCell.swift in Sources */ = {isa = PBXBuildFile; fileRef = D9FB31E32193737300ADAC82 /* AddCell.swift */; };
		D9FB31E62193737300ADAC82 /* AddCell.xib in Resources */ = {isa = PBXBuildFile; fileRef = D9FB31E42193737300ADAC82 /* AddCell.xib */; };
		D9FB31EC21946B2B00ADAC82 /* NewExerciseVC.swift in Sources */ = {isa = PBXBuildFile; fileRef = D9FB31EB21946B2B00ADAC82 /* NewExerciseVC.swift */; };
/* End PBXBuildFile section */

/* Begin PBXFileReference section */
		7B6FD11108894621569C9938 /* Pods-SetPR.debug.xcconfig */ = {isa = PBXFileReference; includeInIndex = 1; lastKnownFileType = text.xcconfig; name = "Pods-SetPR.debug.xcconfig"; path = "Pods/Target Support Files/Pods-SetPR/Pods-SetPR.debug.xcconfig"; sourceTree = "<group>"; };
		9235B7002206BDB595B835B7 /* Pods-SetPR.release.xcconfig */ = {isa = PBXFileReference; includeInIndex = 1; lastKnownFileType = text.xcconfig; name = "Pods-SetPR.release.xcconfig"; path = "Pods/Target Support Files/Pods-SetPR/Pods-SetPR.release.xcconfig"; sourceTree = "<group>"; };
		9F34279A1ADD92A9116603FE /* Pods_SetPR.framework */ = {isa = PBXFileReference; explicitFileType = wrapper.framework; includeInIndex = 0; path = Pods_SetPR.framework; sourceTree = BUILT_PRODUCTS_DIR; };
		D903C71D219271230034C273 /* SetPR.app */ = {isa = PBXFileReference; explicitFileType = wrapper.application; includeInIndex = 0; path = SetPR.app; sourceTree = BUILT_PRODUCTS_DIR; };
		D903C720219271230034C273 /* AppDelegate.swift */ = {isa = PBXFileReference; lastKnownFileType = sourcecode.swift; path = AppDelegate.swift; sourceTree = "<group>"; };
		D903C722219271230034C273 /* ExerciseBankVC.swift */ = {isa = PBXFileReference; lastKnownFileType = sourcecode.swift; path = ExerciseBankVC.swift; sourceTree = "<group>"; };
		D903C725219271230034C273 /* Base */ = {isa = PBXFileReference; lastKnownFileType = file.storyboard; name = Base; path = Base.lproj/Main.storyboard; sourceTree = "<group>"; };
		D903C727219271230034C273 /* Assets.xcassets */ = {isa = PBXFileReference; lastKnownFileType = folder.assetcatalog; path = Assets.xcassets; sourceTree = "<group>"; };
		D903C72A219271230034C273 /* Base */ = {isa = PBXFileReference; lastKnownFileType = file.storyboard; name = Base; path = Base.lproj/LaunchScreen.storyboard; sourceTree = "<group>"; };
		D903C72C219271230034C273 /* Info.plist */ = {isa = PBXFileReference; lastKnownFileType = text.plist.xml; path = Info.plist; sourceTree = "<group>"; };
		D92185BA219DF0ED00FE1F53 /* SetsHeaderView.xib */ = {isa = PBXFileReference; lastKnownFileType = file.xib; path = SetsHeaderView.xib; sourceTree = "<group>"; };
		D92185BC219DF21A00FE1F53 /* SetsHeaderView.swift */ = {isa = PBXFileReference; lastKnownFileType = sourcecode.swift; path = SetsHeaderView.swift; sourceTree = "<group>"; };
		D92185BE219DF2E700FE1F53 /* SetsPlanningCell.swift */ = {isa = PBXFileReference; lastKnownFileType = sourcecode.swift; path = SetsPlanningCell.swift; sourceTree = "<group>"; };
		D92185BF219DF2E700FE1F53 /* SetsPlanningCell.xib */ = {isa = PBXFileReference; lastKnownFileType = file.xib; path = SetsPlanningCell.xib; sourceTree = "<group>"; };
		D92185C2219ED72A00FE1F53 /* SetsVC.swift */ = {isa = PBXFileReference; lastKnownFileType = sourcecode.swift; path = SetsVC.swift; sourceTree = "<group>"; };
		D92185C4219F4BEB00FE1F53 /* CustomTextField.swift */ = {isa = PBXFileReference; lastKnownFileType = sourcecode.swift; path = CustomTextField.swift; sourceTree = "<group>"; };
		D92185C6219F560F00FE1F53 /* VCExtensions.swift */ = {isa = PBXFileReference; lastKnownFileType = sourcecode.swift; path = VCExtensions.swift; sourceTree = "<group>"; };
		D9274300219A31E0005B2181 /* ProgramOverviewVC.swift */ = {isa = PBXFileReference; lastKnownFileType = sourcecode.swift; path = ProgramOverviewVC.swift; sourceTree = "<group>"; };
		D9274302219A33BA005B2181 /* User.swift */ = {isa = PBXFileReference; lastKnownFileType = sourcecode.swift; path = User.swift; sourceTree = "<group>"; };
		D9274304219A3737005B2181 /* Meal.swift */ = {isa = PBXFileReference; lastKnownFileType = sourcecode.swift; path = Meal.swift; sourceTree = "<group>"; };
		D9274306219A3843005B2181 /* Food.swift */ = {isa = PBXFileReference; lastKnownFileType = sourcecode.swift; path = Food.swift; sourceTree = "<group>"; };
		D9274308219A399D005B2181 /* SleepPlan.swift */ = {isa = PBXFileReference; lastKnownFileType = sourcecode.swift; path = SleepPlan.swift; sourceTree = "<group>"; };
		D927430A219A3CE3005B2181 /* ProgramOverviewCell.swift */ = {isa = PBXFileReference; lastKnownFileType = sourcecode.swift; path = ProgramOverviewCell.swift; sourceTree = "<group>"; };
		D927430B219A3CE3005B2181 /* ProgramOverviewCell.xib */ = {isa = PBXFileReference; lastKnownFileType = file.xib; path = ProgramOverviewCell.xib; sourceTree = "<group>"; };
		D927430E219B57EC005B2181 /* ProgramDay.swift */ = {isa = PBXFileReference; lastKnownFileType = sourcecode.swift; path = ProgramDay.swift; sourceTree = "<group>"; };
		D9274310219BA9E6005B2181 /* CustomCellButton.swift */ = {isa = PBXFileReference; lastKnownFileType = sourcecode.swift; path = CustomCellButton.swift; sourceTree = "<group>"; };
		D93B88FD219CC23B00B16DD8 /* ExerciseSlot.swift */ = {isa = PBXFileReference; lastKnownFileType = sourcecode.swift; path = ExerciseSlot.swift; sourceTree = "<group>"; };
		D93D685C219273EB00BF9BE5 /* Exercise.swift */ = {isa = PBXFileReference; lastKnownFileType = sourcecode.swift; path = Exercise.swift; sourceTree = "<group>"; };
		D93D685E219275A200BF9BE5 /* ExerciseSet.swift */ = {isa = PBXFileReference; lastKnownFileType = sourcecode.swift; path = ExerciseSet.swift; sourceTree = "<group>"; };
		D93D6862219278F100BF9BE5 /* Workout.swift */ = {isa = PBXFileReference; lastKnownFileType = sourcecode.swift; path = Workout.swift; sourceTree = "<group>"; };
		D93D6864219278FD00BF9BE5 /* Program.swift */ = {isa = PBXFileReference; lastKnownFileType = sourcecode.swift; path = Program.swift; sourceTree = "<group>"; };
		D93D686621927C9F00BF9BE5 /* CardioSet.swift */ = {isa = PBXFileReference; lastKnownFileType = sourcecode.swift; path = CardioSet.swift; sourceTree = "<group>"; };
		D982697621A2EB4E000DCC32 /* ActiveSetsCell.swift */ = {isa = PBXFileReference; lastKnownFileType = sourcecode.swift; path = ActiveSetsCell.swift; sourceTree = "<group>"; };
		D982697721A2EB4E000DCC32 /* ActiveSetsCell.xib */ = {isa = PBXFileReference; lastKnownFileType = file.xib; path = ActiveSetsCell.xib; sourceTree = "<group>"; };
		D9B108D52197040700AEDC23 /* SelectedProgramVC.swift */ = {isa = PBXFileReference; lastKnownFileType = sourcecode.swift; path = SelectedProgramVC.swift; sourceTree = "<group>"; };
		D9BEC81021A2E0F100ABD8B9 /* ActiveSetsVC.swift */ = {isa = PBXFileReference; lastKnownFileType = sourcecode.swift; path = ActiveSetsVC.swift; sourceTree = "<group>"; };
		D9C16F4D2196448300E2ED0D /* WorkoutVC.swift */ = {isa = PBXFileReference; lastKnownFileType = sourcecode.swift; path = WorkoutVC.swift; sourceTree = "<group>"; };
		D9C16F5321966CE500E2ED0D /* WorkoutExerciseCell.swift */ = {isa = PBXFileReference; lastKnownFileType = sourcecode.swift; path = WorkoutExerciseCell.swift; sourceTree = "<group>"; };
		D9C16F5421966CE500E2ED0D /* WorkoutExerciseCell.xib */ = {isa = PBXFileReference; lastKnownFileType = file.xib; path = WorkoutExerciseCell.xib; sourceTree = "<group>"; };
		D9C16F572196FEC300E2ED0D /* ProgramCell.swift */ = {isa = PBXFileReference; lastKnownFileType = sourcecode.swift; path = ProgramCell.swift; sourceTree = "<group>"; };
		D9C16F582196FEC300E2ED0D /* ProgramCell.xib */ = {isa = PBXFileReference; lastKnownFileType = file.xib; path = ProgramCell.xib; sourceTree = "<group>"; };
		D9C5CF7C219FA962007EDFF6 /* AddItemFooterView.swift */ = {isa = PBXFileReference; lastKnownFileType = sourcecode.swift; path = AddItemFooterView.swift; sourceTree = "<group>"; };
		D9C5CF7E219FAC7B007EDFF6 /* AddItemFooterView.xib */ = {isa = PBXFileReference; lastKnownFileType = file.xib; path = AddItemFooterView.xib; sourceTree = "<group>"; };
		D9FB31DF219370AD00ADAC82 /* ExerciseCell.swift */ = {isa = PBXFileReference; lastKnownFileType = sourcecode.swift; path = ExerciseCell.swift; sourceTree = "<group>"; };
		D9FB31E0219370AD00ADAC82 /* ExerciseCell.xib */ = {isa = PBXFileReference; lastKnownFileType = file.xib; path = ExerciseCell.xib; sourceTree = "<group>"; };
		D9FB31E32193737300ADAC82 /* AddCell.swift */ = {isa = PBXFileReference; lastKnownFileType = sourcecode.swift; path = AddCell.swift; sourceTree = "<group>"; };
		D9FB31E42193737300ADAC82 /* AddCell.xib */ = {isa = PBXFileReference; lastKnownFileType = file.xib; path = AddCell.xib; sourceTree = "<group>"; };
		D9FB31EB21946B2B00ADAC82 /* NewExerciseVC.swift */ = {isa = PBXFileReference; lastKnownFileType = sourcecode.swift; path = NewExerciseVC.swift; sourceTree = "<group>"; };
/* End PBXFileReference section */

/* Begin PBXFrameworksBuildPhase section */
		D903C71A219271230034C273 /* Frameworks */ = {
			isa = PBXFrameworksBuildPhase;
			buildActionMask = 2147483647;
			files = (
				D23E016C5B62FBCAE01DF142 /* Pods_SetPR.framework in Frameworks */,
			);
			runOnlyForDeploymentPostprocessing = 0;
		};
/* End PBXFrameworksBuildPhase section */

/* Begin PBXGroup section */
		A76E6A035A289F664208004F /* Pods */ = {
			isa = PBXGroup;
			children = (
				7B6FD11108894621569C9938 /* Pods-SetPR.debug.xcconfig */,
				9235B7002206BDB595B835B7 /* Pods-SetPR.release.xcconfig */,
			);
			name = Pods;
			sourceTree = "<group>";
		};
		D903C714219271230034C273 = {
			isa = PBXGroup;
			children = (
				D903C71F219271230034C273 /* SetPR */,
				D903C71E219271230034C273 /* Products */,
				A76E6A035A289F664208004F /* Pods */,
				F7AF040E2762275FACB0E80A /* Frameworks */,
			);
			sourceTree = "<group>";
		};
		D903C71E219271230034C273 /* Products */ = {
			isa = PBXGroup;
			children = (
				D903C71D219271230034C273 /* SetPR.app */,
			);
			name = Products;
			sourceTree = "<group>";
		};
		D903C71F219271230034C273 /* SetPR */ = {
			isa = PBXGroup;
			children = (
				D903C720219271230034C273 /* AppDelegate.swift */,
				D93D6859219273B200BF9BE5 /* Model */,
				D93D685A219273BA00BF9BE5 /* Controller */,
				D93D685B219273C800BF9BE5 /* View */,
				D903C727219271230034C273 /* Assets.xcassets */,
				D903C729219271230034C273 /* LaunchScreen.storyboard */,
				D903C72C219271230034C273 /* Info.plist */,
			);
			path = SetPR;
			sourceTree = "<group>";
		};
		D92185C8219F580E00FE1F53 /* Custom Extensions */ = {
			isa = PBXGroup;
			children = (
				D92185C6219F560F00FE1F53 /* VCExtensions.swift */,
			);
			path = "Custom Extensions";
			sourceTree = "<group>";
		};
		D93D6859219273B200BF9BE5 /* Model */ = {
			isa = PBXGroup;
			children = (
				D9274302219A33BA005B2181 /* User.swift */,
				D93D6864219278FD00BF9BE5 /* Program.swift */,
				D927430E219B57EC005B2181 /* ProgramDay.swift */,
				D9274304219A3737005B2181 /* Meal.swift */,
				D9274308219A399D005B2181 /* SleepPlan.swift */,
				D9274306219A3843005B2181 /* Food.swift */,
				D93D6862219278F100BF9BE5 /* Workout.swift */,
				D93B88FD219CC23B00B16DD8 /* ExerciseSlot.swift */,
				D93D685C219273EB00BF9BE5 /* Exercise.swift */,
				D93D685E219275A200BF9BE5 /* ExerciseSet.swift */,
				D93D686621927C9F00BF9BE5 /* CardioSet.swift */,
			);
			path = Model;
			sourceTree = "<group>";
		};
		D93D685A219273BA00BF9BE5 /* Controller */ = {
			isa = PBXGroup;
			children = (
				D9274310219BA9E6005B2181 /* CustomCellButton.swift */,
				D92185C4219F4BEB00FE1F53 /* CustomTextField.swift */,
				D9274300219A31E0005B2181 /* ProgramOverviewVC.swift */,
				D9B108D52197040700AEDC23 /* SelectedProgramVC.swift */,
				D9C16F4D2196448300E2ED0D /* WorkoutVC.swift */,
				D92185C2219ED72A00FE1F53 /* SetsVC.swift */,
				D9BEC81021A2E0F100ABD8B9 /* ActiveSetsVC.swift */,
				D903C722219271230034C273 /* ExerciseBankVC.swift */,
				D9FB31EB21946B2B00ADAC82 /* NewExerciseVC.swift */,
				D92185C8219F580E00FE1F53 /* Custom Extensions */,
			);
			path = Controller;
			sourceTree = "<group>";
		};
		D93D685B219273C800BF9BE5 /* View */ = {
			isa = PBXGroup;
			children = (
				D903C724219271230034C273 /* Main.storyboard */,
				D9FB31D521934E0400ADAC82 /* Custom Views */,
				D93D68682192812700BF9BE5 /* Custom Cells */,
			);
			path = View;
			sourceTree = "<group>";
		};
		D93D68682192812700BF9BE5 /* Custom Cells */ = {
			isa = PBXGroup;
			children = (
				D92185BE219DF2E700FE1F53 /* SetsPlanningCell.swift */,
				D92185BF219DF2E700FE1F53 /* SetsPlanningCell.xib */,
				D982697621A2EB4E000DCC32 /* ActiveSetsCell.swift */,
				D982697721A2EB4E000DCC32 /* ActiveSetsCell.xib */,
				D927430A219A3CE3005B2181 /* ProgramOverviewCell.swift */,
				D927430B219A3CE3005B2181 /* ProgramOverviewCell.xib */,
				D9C16F572196FEC300E2ED0D /* ProgramCell.swift */,
				D9C16F582196FEC300E2ED0D /* ProgramCell.xib */,
				D9C16F5321966CE500E2ED0D /* WorkoutExerciseCell.swift */,
				D9C16F5421966CE500E2ED0D /* WorkoutExerciseCell.xib */,
				D9FB31DF219370AD00ADAC82 /* ExerciseCell.swift */,
				D9FB31E0219370AD00ADAC82 /* ExerciseCell.xib */,
				D9FB31E32193737300ADAC82 /* AddCell.swift */,
				D9FB31E42193737300ADAC82 /* AddCell.xib */,
			);
			path = "Custom Cells";
			sourceTree = "<group>";
		};
		D9FB31D521934E0400ADAC82 /* Custom Views */ = {
			isa = PBXGroup;
			children = (
				D92185BA219DF0ED00FE1F53 /* SetsHeaderView.xib */,
				D92185BC219DF21A00FE1F53 /* SetsHeaderView.swift */,
				D9C5CF7C219FA962007EDFF6 /* AddItemFooterView.swift */,
				D9C5CF7E219FAC7B007EDFF6 /* AddItemFooterView.xib */,
			);
			path = "Custom Views";
			sourceTree = "<group>";
		};
		F7AF040E2762275FACB0E80A /* Frameworks */ = {
			isa = PBXGroup;
			children = (
				9F34279A1ADD92A9116603FE /* Pods_SetPR.framework */,
			);
			name = Frameworks;
			sourceTree = "<group>";
		};
/* End PBXGroup section */

/* Begin PBXNativeTarget section */
		D903C71C219271230034C273 /* SetPR */ = {
			isa = PBXNativeTarget;
			buildConfigurationList = D903C72F219271230034C273 /* Build configuration list for PBXNativeTarget "SetPR" */;
			buildPhases = (
				C86F83D623C91CD3A9EE2DEE /* [CP] Check Pods Manifest.lock */,
				D903C719219271230034C273 /* Sources */,
				D903C71A219271230034C273 /* Frameworks */,
				D903C71B219271230034C273 /* Resources */,
				AE8F4D4AC111CD7EBF597E3A /* [CP] Embed Pods Frameworks */,
			);
			buildRules = (
			);
			dependencies = (
			);
			name = SetPR;
			productName = SetPR;
			productReference = D903C71D219271230034C273 /* SetPR.app */;
			productType = "com.apple.product-type.application";
		};
/* End PBXNativeTarget section */

/* Begin PBXProject section */
		D903C715219271230034C273 /* Project object */ = {
			isa = PBXProject;
			attributes = {
				LastSwiftUpdateCheck = 1010;
				LastUpgradeCheck = 1010;
				ORGANIZATIONNAME = "Jeremy Lee";
				TargetAttributes = {
					D903C71C219271230034C273 = {
						CreatedOnToolsVersion = 10.1;
					};
				};
			};
			buildConfigurationList = D903C718219271230034C273 /* Build configuration list for PBXProject "SetPR" */;
			compatibilityVersion = "Xcode 9.3";
			developmentRegion = en;
			hasScannedForEncodings = 0;
			knownRegions = (
				en,
				Base,
			);
			mainGroup = D903C714219271230034C273;
			productRefGroup = D903C71E219271230034C273 /* Products */;
			projectDirPath = "";
			projectRoot = "";
			targets = (
				D903C71C219271230034C273 /* SetPR */,
			);
		};
/* End PBXProject section */

/* Begin PBXResourcesBuildPhase section */
		D903C71B219271230034C273 /* Resources */ = {
			isa = PBXResourcesBuildPhase;
			buildActionMask = 2147483647;
			files = (
				D903C72B219271230034C273 /* LaunchScreen.storyboard in Resources */,
				D9FB31E2219370AD00ADAC82 /* ExerciseCell.xib in Resources */,
				D903C728219271230034C273 /* Assets.xcassets in Resources */,
				D92185C1219DF2E700FE1F53 /* SetsPlanningCell.xib in Resources */,
				D9C5CF7F219FAC7B007EDFF6 /* AddItemFooterView.xib in Resources */,
				D92185BB219DF0ED00FE1F53 /* SetsHeaderView.xib in Resources */,
				D982697921A2EB4E000DCC32 /* ActiveSetsCell.xib in Resources */,
				D9FB31E62193737300ADAC82 /* AddCell.xib in Resources */,
				D903C726219271230034C273 /* Main.storyboard in Resources */,
				D9C16F5621966CE500E2ED0D /* WorkoutExerciseCell.xib in Resources */,
				D9C16F5A2196FEC300E2ED0D /* ProgramCell.xib in Resources */,
				D927430D219A3CE3005B2181 /* ProgramOverviewCell.xib in Resources */,
			);
			runOnlyForDeploymentPostprocessing = 0;
		};
/* End PBXResourcesBuildPhase section */

/* Begin PBXShellScriptBuildPhase section */
		AE8F4D4AC111CD7EBF597E3A /* [CP] Embed Pods Frameworks */ = {
			isa = PBXShellScriptBuildPhase;
			buildActionMask = 2147483647;
			files = (
			);
			inputFileListPaths = (
			);
			inputPaths = (
				"${SRCROOT}/Pods/Target Support Files/Pods-SetPR/Pods-SetPR-frameworks.sh",
				"${BUILT_PRODUCTS_DIR}/Charts/Charts.framework",
				"${BUILT_PRODUCTS_DIR}/ChartsRealm/ChartsRealm.framework",
				"${BUILT_PRODUCTS_DIR}/Realm/Realm.framework",
				"${BUILT_PRODUCTS_DIR}/RealmSwift/RealmSwift.framework",
			);
			name = "[CP] Embed Pods Frameworks";
			outputFileListPaths = (
			);
			outputPaths = (
				"${TARGET_BUILD_DIR}/${FRAMEWORKS_FOLDER_PATH}/Charts.framework",
				"${TARGET_BUILD_DIR}/${FRAMEWORKS_FOLDER_PATH}/ChartsRealm.framework",
				"${TARGET_BUILD_DIR}/${FRAMEWORKS_FOLDER_PATH}/Realm.framework",
				"${TARGET_BUILD_DIR}/${FRAMEWORKS_FOLDER_PATH}/RealmSwift.framework",
			);
			runOnlyForDeploymentPostprocessing = 0;
			shellPath = /bin/sh;
			shellScript = "\"${SRCROOT}/Pods/Target Support Files/Pods-SetPR/Pods-SetPR-frameworks.sh\"\n";
			showEnvVarsInLog = 0;
		};
		C86F83D623C91CD3A9EE2DEE /* [CP] Check Pods Manifest.lock */ = {
			isa = PBXShellScriptBuildPhase;
			buildActionMask = 2147483647;
			files = (
			);
			inputFileListPaths = (
			);
			inputPaths = (
				"${PODS_PODFILE_DIR_PATH}/Podfile.lock",
				"${PODS_ROOT}/Manifest.lock",
			);
			name = "[CP] Check Pods Manifest.lock";
			outputFileListPaths = (
			);
			outputPaths = (
				"$(DERIVED_FILE_DIR)/Pods-SetPR-checkManifestLockResult.txt",
			);
			runOnlyForDeploymentPostprocessing = 0;
			shellPath = /bin/sh;
			shellScript = "diff \"${PODS_PODFILE_DIR_PATH}/Podfile.lock\" \"${PODS_ROOT}/Manifest.lock\" > /dev/null\nif [ $? != 0 ] ; then\n    # print error to STDERR\n    echo \"error: The sandbox is not in sync with the Podfile.lock. Run 'pod install' or update your CocoaPods installation.\" >&2\n    exit 1\nfi\n# This output is used by Xcode 'outputs' to avoid re-running this script phase.\necho \"SUCCESS\" > \"${SCRIPT_OUTPUT_FILE_0}\"\n";
			showEnvVarsInLog = 0;
		};
/* End PBXShellScriptBuildPhase section */

/* Begin PBXSourcesBuildPhase section */
		D903C719219271230034C273 /* Sources */ = {
			isa = PBXSourcesBuildPhase;
			buildActionMask = 2147483647;
			files = (
				D9C5CF7D219FA962007EDFF6 /* AddItemFooterView.swift in Sources */,
				D9BEC81121A2E0F100ABD8B9 /* ActiveSetsVC.swift in Sources */,
				D93D685F219275A200BF9BE5 /* ExerciseSet.swift in Sources */,
				D903C723219271230034C273 /* ExerciseBankVC.swift in Sources */,
				D92185BD219DF21A00FE1F53 /* SetsHeaderView.swift in Sources */,
				D92185C3219ED72A00FE1F53 /* SetsVC.swift in Sources */,
				D92185C0219DF2E700FE1F53 /* SetsPlanningCell.swift in Sources */,
				D92185C7219F560F00FE1F53 /* VCExtensions.swift in Sources */,
				D9B108D62197040700AEDC23 /* SelectedProgramVC.swift in Sources */,
				D903C721219271230034C273 /* AppDelegate.swift in Sources */,
				D9274303219A33BA005B2181 /* User.swift in Sources */,
				D92185C5219F4BEB00FE1F53 /* CustomTextField.swift in Sources */,
				D9274307219A3843005B2181 /* Food.swift in Sources */,
				D9274301219A31E0005B2181 /* ProgramOverviewVC.swift in Sources */,
				D9FB31EC21946B2B00ADAC82 /* NewExerciseVC.swift in Sources */,
				D9274309219A399D005B2181 /* SleepPlan.swift in Sources */,
				D9C16F592196FEC300E2ED0D /* ProgramCell.swift in Sources */,
				D982697821A2EB4E000DCC32 /* ActiveSetsCell.swift in Sources */,
				D93B88FE219CC23B00B16DD8 /* ExerciseSlot.swift in Sources */,
				D93D6865219278FD00BF9BE5 /* Program.swift in Sources */,
				D927430C219A3CE3005B2181 /* ProgramOverviewCell.swift in Sources */,
				D93D685D219273EB00BF9BE5 /* Exercise.swift in Sources */,
				D9FB31E1219370AD00ADAC82 /* ExerciseCell.swift in Sources */,
				D9274305219A3737005B2181 /* Meal.swift in Sources */,
				D9FB31E52193737300ADAC82 /* AddCell.swift in Sources */,
				D9274311219BA9E6005B2181 /* CustomCellButton.swift in Sources */,
				D927430F219B57EC005B2181 /* ProgramDay.swift in Sources */,
				D93D686721927C9F00BF9BE5 /* CardioSet.swift in Sources */,
				D9C16F4E2196448300E2ED0D /* WorkoutVC.swift in Sources */,
				D93D6863219278F100BF9BE5 /* Workout.swift in Sources */,
				D9C16F5521966CE500E2ED0D /* WorkoutExerciseCell.swift in Sources */,
			);
			runOnlyForDeploymentPostprocessing = 0;
		};
/* End PBXSourcesBuildPhase section */

/* Begin PBXVariantGroup section */
		D903C724219271230034C273 /* Main.storyboard */ = {
			isa = PBXVariantGroup;
			children = (
				D903C725219271230034C273 /* Base */,
			);
			name = Main.storyboard;
			sourceTree = "<group>";
		};
		D903C729219271230034C273 /* LaunchScreen.storyboard */ = {
			isa = PBXVariantGroup;
			children = (
				D903C72A219271230034C273 /* Base */,
			);
			name = LaunchScreen.storyboard;
			sourceTree = "<group>";
		};
/* End PBXVariantGroup section */

/* Begin XCBuildConfiguration section */
		D903C72D219271230034C273 /* Debug */ = {
			isa = XCBuildConfiguration;
			buildSettings = {
				ALWAYS_SEARCH_USER_PATHS = NO;
				CLANG_ANALYZER_NONNULL = YES;
				CLANG_ANALYZER_NUMBER_OBJECT_CONVERSION = YES_AGGRESSIVE;
				CLANG_CXX_LANGUAGE_STANDARD = "gnu++14";
				CLANG_CXX_LIBRARY = "libc++";
				CLANG_ENABLE_MODULES = YES;
				CLANG_ENABLE_OBJC_ARC = YES;
				CLANG_ENABLE_OBJC_WEAK = YES;
				CLANG_WARN_BLOCK_CAPTURE_AUTORELEASING = YES;
				CLANG_WARN_BOOL_CONVERSION = YES;
				CLANG_WARN_COMMA = YES;
				CLANG_WARN_CONSTANT_CONVERSION = YES;
				CLANG_WARN_DEPRECATED_OBJC_IMPLEMENTATIONS = YES;
				CLANG_WARN_DIRECT_OBJC_ISA_USAGE = YES_ERROR;
				CLANG_WARN_DOCUMENTATION_COMMENTS = YES;
				CLANG_WARN_EMPTY_BODY = YES;
				CLANG_WARN_ENUM_CONVERSION = YES;
				CLANG_WARN_INFINITE_RECURSION = YES;
				CLANG_WARN_INT_CONVERSION = YES;
				CLANG_WARN_NON_LITERAL_NULL_CONVERSION = YES;
				CLANG_WARN_OBJC_IMPLICIT_RETAIN_SELF = YES;
				CLANG_WARN_OBJC_LITERAL_CONVERSION = YES;
				CLANG_WARN_OBJC_ROOT_CLASS = YES_ERROR;
				CLANG_WARN_RANGE_LOOP_ANALYSIS = YES;
				CLANG_WARN_STRICT_PROTOTYPES = YES;
				CLANG_WARN_SUSPICIOUS_MOVE = YES;
				CLANG_WARN_UNGUARDED_AVAILABILITY = YES_AGGRESSIVE;
				CLANG_WARN_UNREACHABLE_CODE = YES;
				CLANG_WARN__DUPLICATE_METHOD_MATCH = YES;
				CODE_SIGN_IDENTITY = "iPhone Developer";
				COPY_PHASE_STRIP = NO;
				DEBUG_INFORMATION_FORMAT = dwarf;
				ENABLE_STRICT_OBJC_MSGSEND = YES;
				ENABLE_TESTABILITY = YES;
				GCC_C_LANGUAGE_STANDARD = gnu11;
				GCC_DYNAMIC_NO_PIC = NO;
				GCC_NO_COMMON_BLOCKS = YES;
				GCC_OPTIMIZATION_LEVEL = 0;
				GCC_PREPROCESSOR_DEFINITIONS = (
					"DEBUG=1",
					"$(inherited)",
				);
				GCC_WARN_64_TO_32_BIT_CONVERSION = YES;
				GCC_WARN_ABOUT_RETURN_TYPE = YES_ERROR;
				GCC_WARN_UNDECLARED_SELECTOR = YES;
				GCC_WARN_UNINITIALIZED_AUTOS = YES_AGGRESSIVE;
				GCC_WARN_UNUSED_FUNCTION = YES;
				GCC_WARN_UNUSED_VARIABLE = YES;
				IPHONEOS_DEPLOYMENT_TARGET = 12.1;
				MTL_ENABLE_DEBUG_INFO = INCLUDE_SOURCE;
				MTL_FAST_MATH = YES;
				ONLY_ACTIVE_ARCH = YES;
				SDKROOT = iphoneos;
				SWIFT_ACTIVE_COMPILATION_CONDITIONS = DEBUG;
				SWIFT_OPTIMIZATION_LEVEL = "-Onone";
			};
			name = Debug;
		};
		D903C72E219271230034C273 /* Release */ = {
			isa = XCBuildConfiguration;
			buildSettings = {
				ALWAYS_SEARCH_USER_PATHS = NO;
				CLANG_ANALYZER_NONNULL = YES;
				CLANG_ANALYZER_NUMBER_OBJECT_CONVERSION = YES_AGGRESSIVE;
				CLANG_CXX_LANGUAGE_STANDARD = "gnu++14";
				CLANG_CXX_LIBRARY = "libc++";
				CLANG_ENABLE_MODULES = YES;
				CLANG_ENABLE_OBJC_ARC = YES;
				CLANG_ENABLE_OBJC_WEAK = YES;
				CLANG_WARN_BLOCK_CAPTURE_AUTORELEASING = YES;
				CLANG_WARN_BOOL_CONVERSION = YES;
				CLANG_WARN_COMMA = YES;
				CLANG_WARN_CONSTANT_CONVERSION = YES;
				CLANG_WARN_DEPRECATED_OBJC_IMPLEMENTATIONS = YES;
				CLANG_WARN_DIRECT_OBJC_ISA_USAGE = YES_ERROR;
				CLANG_WARN_DOCUMENTATION_COMMENTS = YES;
				CLANG_WARN_EMPTY_BODY = YES;
				CLANG_WARN_ENUM_CONVERSION = YES;
				CLANG_WARN_INFINITE_RECURSION = YES;
				CLANG_WARN_INT_CONVERSION = YES;
				CLANG_WARN_NON_LITERAL_NULL_CONVERSION = YES;
				CLANG_WARN_OBJC_IMPLICIT_RETAIN_SELF = YES;
				CLANG_WARN_OBJC_LITERAL_CONVERSION = YES;
				CLANG_WARN_OBJC_ROOT_CLASS = YES_ERROR;
				CLANG_WARN_RANGE_LOOP_ANALYSIS = YES;
				CLANG_WARN_STRICT_PROTOTYPES = YES;
				CLANG_WARN_SUSPICIOUS_MOVE = YES;
				CLANG_WARN_UNGUARDED_AVAILABILITY = YES_AGGRESSIVE;
				CLANG_WARN_UNREACHABLE_CODE = YES;
				CLANG_WARN__DUPLICATE_METHOD_MATCH = YES;
				CODE_SIGN_IDENTITY = "iPhone Developer";
				COPY_PHASE_STRIP = NO;
				DEBUG_INFORMATION_FORMAT = "dwarf-with-dsym";
				ENABLE_NS_ASSERTIONS = NO;
				ENABLE_STRICT_OBJC_MSGSEND = YES;
				GCC_C_LANGUAGE_STANDARD = gnu11;
				GCC_NO_COMMON_BLOCKS = YES;
				GCC_WARN_64_TO_32_BIT_CONVERSION = YES;
				GCC_WARN_ABOUT_RETURN_TYPE = YES_ERROR;
				GCC_WARN_UNDECLARED_SELECTOR = YES;
				GCC_WARN_UNINITIALIZED_AUTOS = YES_AGGRESSIVE;
				GCC_WARN_UNUSED_FUNCTION = YES;
				GCC_WARN_UNUSED_VARIABLE = YES;
				IPHONEOS_DEPLOYMENT_TARGET = 12.1;
				MTL_ENABLE_DEBUG_INFO = NO;
				MTL_FAST_MATH = YES;
				SDKROOT = iphoneos;
				SWIFT_COMPILATION_MODE = wholemodule;
				SWIFT_OPTIMIZATION_LEVEL = "-O";
				VALIDATE_PRODUCT = YES;
			};
			name = Release;
		};
		D903C730219271230034C273 /* Debug */ = {
			isa = XCBuildConfiguration;
			baseConfigurationReference = 7B6FD11108894621569C9938 /* Pods-SetPR.debug.xcconfig */;
			buildSettings = {
				ASSETCATALOG_COMPILER_APPICON_NAME = AppIcon;
				CODE_SIGN_STYLE = Automatic;
				INFOPLIST_FILE = SetPR/Info.plist;
				LD_RUNPATH_SEARCH_PATHS = (
					"$(inherited)",
					"@executable_path/Frameworks",
				);
				PRODUCT_BUNDLE_IDENTIFIER = com.jeremylee.SetPR;
				PRODUCT_NAME = "$(TARGET_NAME)";
				SWIFT_VERSION = 4.2;
				TARGETED_DEVICE_FAMILY = "1,2";
			};
			name = Debug;
		};
		D903C731219271230034C273 /* Release */ = {
			isa = XCBuildConfiguration;
			baseConfigurationReference = 9235B7002206BDB595B835B7 /* Pods-SetPR.release.xcconfig */;
			buildSettings = {
				ASSETCATALOG_COMPILER_APPICON_NAME = AppIcon;
				CODE_SIGN_STYLE = Automatic;
				INFOPLIST_FILE = SetPR/Info.plist;
				LD_RUNPATH_SEARCH_PATHS = (
					"$(inherited)",
					"@executable_path/Frameworks",
				);
				PRODUCT_BUNDLE_IDENTIFIER = com.jeremylee.SetPR;
				PRODUCT_NAME = "$(TARGET_NAME)";
				SWIFT_VERSION = 4.2;
				TARGETED_DEVICE_FAMILY = "1,2";
			};
			name = Release;
		};
/* End XCBuildConfiguration section */

/* Begin XCConfigurationList section */
		D903C718219271230034C273 /* Build configuration list for PBXProject "SetPR" */ = {
			isa = XCConfigurationList;
			buildConfigurations = (
				D903C72D219271230034C273 /* Debug */,
				D903C72E219271230034C273 /* Release */,
			);
			defaultConfigurationIsVisible = 0;
			defaultConfigurationName = Release;
		};
		D903C72F219271230034C273 /* Build configuration list for PBXNativeTarget "SetPR" */ = {
			isa = XCConfigurationList;
			buildConfigurations = (
				D903C730219271230034C273 /* Debug */,
				D903C731219271230034C273 /* Release */,
			);
			defaultConfigurationIsVisible = 0;
			defaultConfigurationName = Release;
		};
/* End XCConfigurationList section */
	};
	rootObject = D903C715219271230034C273 /* Project object */;
}
